// !$*UTF8*$!
{
	archiveVersion = 1;
	classes = {
	};
	objectVersion = 46;
	objects = {

/* Begin PBXBuildFile section */
		630532BB1AAE3F95006AD1B6 /* AppDelegate.swift in Sources */ = {isa = PBXBuildFile; fileRef = 630532BA1AAE3F95006AD1B6 /* AppDelegate.swift */; };
		630532BD1AAE3F95006AD1B6 /* RootFolderViewController.swift in Sources */ = {isa = PBXBuildFile; fileRef = 630532BC1AAE3F95006AD1B6 /* RootFolderViewController.swift */; };
		630532C01AAE3F95006AD1B6 /* Main.storyboard in Resources */ = {isa = PBXBuildFile; fileRef = 630532BE1AAE3F95006AD1B6 /* Main.storyboard */; };
		630532C21AAE3F95006AD1B6 /* Images.xcassets in Resources */ = {isa = PBXBuildFile; fileRef = 630532C11AAE3F95006AD1B6 /* Images.xcassets */; };
		630532C51AAE3F95006AD1B6 /* LaunchScreen.xib in Resources */ = {isa = PBXBuildFile; fileRef = 630532C31AAE3F95006AD1B6 /* LaunchScreen.xib */; };
		63AF18B91AB4DC9F00543821 /* FolderViewController.swift in Sources */ = {isa = PBXBuildFile; fileRef = 63AF18B81AB4DC9F00543821 /* FolderViewController.swift */; };
		63AF18BB1AB4DE5F00543821 /* Player.swift in Sources */ = {isa = PBXBuildFile; fileRef = 63AF18BA1AB4DE5F00543821 /* Player.swift */; };
		F50AADEE20BD1E8A32321920 /* Pods.framework in Frameworks */ = {isa = PBXBuildFile; fileRef = 9BC578F97EEA4489C5D76F4C /* Pods.framework */; };
/* End PBXBuildFile section */

/* Begin PBXFileReference section */
		4E4EA75F93D4F497B2C8197D /* Pods.debug.xcconfig */ = {isa = PBXFileReference; includeInIndex = 1; lastKnownFileType = text.xcconfig; name = Pods.debug.xcconfig; path = "Pods/Target Support Files/Pods/Pods.debug.xcconfig"; sourceTree = "<group>"; };
		630532B51AAE3F95006AD1B6 /* ControlPointDemo.app */ = {isa = PBXFileReference; explicitFileType = wrapper.application; includeInIndex = 0; path = ControlPointDemo.app; sourceTree = BUILT_PRODUCTS_DIR; };
		630532B91AAE3F95006AD1B6 /* Info.plist */ = {isa = PBXFileReference; lastKnownFileType = text.plist.xml; path = Info.plist; sourceTree = "<group>"; };
		630532BA1AAE3F95006AD1B6 /* AppDelegate.swift */ = {isa = PBXFileReference; lastKnownFileType = sourcecode.swift; path = AppDelegate.swift; sourceTree = "<group>"; };
		630532BC1AAE3F95006AD1B6 /* RootFolderViewController.swift */ = {isa = PBXFileReference; lastKnownFileType = sourcecode.swift; path = RootFolderViewController.swift; sourceTree = "<group>"; };
		630532BF1AAE3F95006AD1B6 /* Base */ = {isa = PBXFileReference; lastKnownFileType = file.storyboard; name = Base; path = Base.lproj/Main.storyboard; sourceTree = "<group>"; };
		630532C11AAE3F95006AD1B6 /* Images.xcassets */ = {isa = PBXFileReference; lastKnownFileType = folder.assetcatalog; path = Images.xcassets; sourceTree = "<group>"; };
		630532C41AAE3F95006AD1B6 /* Base */ = {isa = PBXFileReference; lastKnownFileType = file.xib; name = Base; path = Base.lproj/LaunchScreen.xib; sourceTree = "<group>"; };
		63AF18B81AB4DC9F00543821 /* FolderViewController.swift */ = {isa = PBXFileReference; fileEncoding = 4; lastKnownFileType = sourcecode.swift; path = FolderViewController.swift; sourceTree = "<group>"; };
		63AF18BA1AB4DE5F00543821 /* Player.swift */ = {isa = PBXFileReference; fileEncoding = 4; lastKnownFileType = sourcecode.swift; path = Player.swift; sourceTree = "<group>"; };
		9BC578F97EEA4489C5D76F4C /* Pods.framework */ = {isa = PBXFileReference; explicitFileType = wrapper.framework; includeInIndex = 0; path = Pods.framework; sourceTree = BUILT_PRODUCTS_DIR; };
		BD6E01E1E8A471B36BA1E97B /* Pods.release.xcconfig */ = {isa = PBXFileReference; includeInIndex = 1; lastKnownFileType = text.xcconfig; name = Pods.release.xcconfig; path = "Pods/Target Support Files/Pods/Pods.release.xcconfig"; sourceTree = "<group>"; };
/* End PBXFileReference section */

/* Begin PBXFrameworksBuildPhase section */
		630532B21AAE3F95006AD1B6 /* Frameworks */ = {
			isa = PBXFrameworksBuildPhase;
			buildActionMask = 2147483647;
			files = (
				F50AADEE20BD1E8A32321920 /* Pods.framework in Frameworks */,
			);
			runOnlyForDeploymentPostprocessing = 0;
		};
/* End PBXFrameworksBuildPhase section */

/* Begin PBXGroup section */
		1B6F1CBFC9A6D413FA74DEFF /* Frameworks */ = {
			isa = PBXGroup;
			children = (
				9BC578F97EEA4489C5D76F4C /* Pods.framework */,
			);
			name = Frameworks;
			sourceTree = "<group>";
		};
		418C56D3EDCC03E88C95DB78 /* Pods */ = {
			isa = PBXGroup;
			children = (
				4E4EA75F93D4F497B2C8197D /* Pods.debug.xcconfig */,
				BD6E01E1E8A471B36BA1E97B /* Pods.release.xcconfig */,
			);
			name = Pods;
			sourceTree = "<group>";
		};
		630532AC1AAE3F95006AD1B6 = {
			isa = PBXGroup;
			children = (
				630532B71AAE3F95006AD1B6 /* ControlPointDemo */,
				630532B61AAE3F95006AD1B6 /* Products */,
				418C56D3EDCC03E88C95DB78 /* Pods */,
				1B6F1CBFC9A6D413FA74DEFF /* Frameworks */,
			);
			sourceTree = "<group>";
		};
		630532B61AAE3F95006AD1B6 /* Products */ = {
			isa = PBXGroup;
			children = (
				630532B51AAE3F95006AD1B6 /* ControlPointDemo.app */,
			);
			name = Products;
			sourceTree = "<group>";
		};
		630532B71AAE3F95006AD1B6 /* ControlPointDemo */ = {
			isa = PBXGroup;
			children = (
				630532BA1AAE3F95006AD1B6 /* AppDelegate.swift */,
				630532BC1AAE3F95006AD1B6 /* RootFolderViewController.swift */,
				63AF18B81AB4DC9F00543821 /* FolderViewController.swift */,
				63AF18BA1AB4DE5F00543821 /* Player.swift */,
				630532BE1AAE3F95006AD1B6 /* Main.storyboard */,
				630532C11AAE3F95006AD1B6 /* Images.xcassets */,
				630532C31AAE3F95006AD1B6 /* LaunchScreen.xib */,
				630532B81AAE3F95006AD1B6 /* Supporting Files */,
			);
			path = ControlPointDemo;
			sourceTree = "<group>";
		};
		630532B81AAE3F95006AD1B6 /* Supporting Files */ = {
			isa = PBXGroup;
			children = (
				630532B91AAE3F95006AD1B6 /* Info.plist */,
			);
			name = "Supporting Files";
			sourceTree = "<group>";
		};
/* End PBXGroup section */

/* Begin PBXNativeTarget section */
		630532B41AAE3F95006AD1B6 /* ControlPointDemo */ = {
			isa = PBXNativeTarget;
			buildConfigurationList = 630532D41AAE3F95006AD1B6 /* Build configuration list for PBXNativeTarget "ControlPointDemo" */;
			buildPhases = (
				5297F543412800800A4D477C /* Check Pods Manifest.lock */,
				630532B11AAE3F95006AD1B6 /* Sources */,
				630532B21AAE3F95006AD1B6 /* Frameworks */,
				630532B31AAE3F95006AD1B6 /* Resources */,
				E052077C5138C727F4BC9DAD /* Embed Pods Frameworks */,
				94A9471ACA8F400A4129125A /* Copy Pods Resources */,
			);
			buildRules = (
			);
			dependencies = (
			);
			name = ControlPointDemo;
			productName = ControlPointDemo;
			productReference = 630532B51AAE3F95006AD1B6 /* ControlPointDemo.app */;
			productType = "com.apple.product-type.application";
		};
/* End PBXNativeTarget section */

/* Begin PBXProject section */
		630532AD1AAE3F95006AD1B6 /* Project object */ = {
			isa = PBXProject;
			attributes = {
				LastSwiftMigration = 0710;
				LastSwiftUpdateCheck = 0710;
				LastUpgradeCheck = 0720;
				ORGANIZATIONNAME = "David Robles";
				TargetAttributes = {
					630532B41AAE3F95006AD1B6 = {
						CreatedOnToolsVersion = 6.1.1;
					};
				};
			};
			buildConfigurationList = 630532B01AAE3F95006AD1B6 /* Build configuration list for PBXProject "ControlPointDemo" */;
			compatibilityVersion = "Xcode 3.2";
			developmentRegion = English;
			hasScannedForEncodings = 0;
			knownRegions = (
				en,
				Base,
			);
			mainGroup = 630532AC1AAE3F95006AD1B6;
			productRefGroup = 630532B61AAE3F95006AD1B6 /* Products */;
			projectDirPath = "";
			projectRoot = "";
			targets = (
				630532B41AAE3F95006AD1B6 /* ControlPointDemo */,
			);
		};
/* End PBXProject section */

/* Begin PBXResourcesBuildPhase section */
		630532B31AAE3F95006AD1B6 /* Resources */ = {
			isa = PBXResourcesBuildPhase;
			buildActionMask = 2147483647;
			files = (
				630532C01AAE3F95006AD1B6 /* Main.storyboard in Resources */,
				630532C51AAE3F95006AD1B6 /* LaunchScreen.xib in Resources */,
				630532C21AAE3F95006AD1B6 /* Images.xcassets in Resources */,
			);
			runOnlyForDeploymentPostprocessing = 0;
		};
/* End PBXResourcesBuildPhase section */

/* Begin PBXShellScriptBuildPhase section */
		5297F543412800800A4D477C /* Check Pods Manifest.lock */ = {
			isa = PBXShellScriptBuildPhase;
			buildActionMask = 2147483647;
			files = (
			);
			inputPaths = (
			);
			name = "Check Pods Manifest.lock";
			outputPaths = (
			);
			runOnlyForDeploymentPostprocessing = 0;
			shellPath = /bin/sh;
			shellScript = "diff \"${PODS_ROOT}/../Podfile.lock\" \"${PODS_ROOT}/Manifest.lock\" > /dev/null\nif [[ $? != 0 ]] ; then\n    cat << EOM\nerror: The sandbox is not in sync with the Podfile.lock. Run 'pod install' or update your CocoaPods installation.\nEOM\n    exit 1\nfi\n";
			showEnvVarsInLog = 0;
		};
		94A9471ACA8F400A4129125A /* Copy Pods Resources */ = {
			isa = PBXShellScriptBuildPhase;
			buildActionMask = 2147483647;
			files = (
			);
			inputPaths = (
			);
			name = "Copy Pods Resources";
			outputPaths = (
			);
			runOnlyForDeploymentPostprocessing = 0;
			shellPath = /bin/sh;
			shellScript = "\"${SRCROOT}/Pods/Target Support Files/Pods/Pods-resources.sh\"\n";
			showEnvVarsInLog = 0;
		};
		E052077C5138C727F4BC9DAD /* Embed Pods Frameworks */ = {
			isa = PBXShellScriptBuildPhase;
			buildActionMask = 2147483647;
			files = (
			);
			inputPaths = (
			);
			name = "Embed Pods Frameworks";
			outputPaths = (
			);
			runOnlyForDeploymentPostprocessing = 0;
			shellPath = /bin/sh;
			shellScript = "\"${SRCROOT}/Pods/Target Support Files/Pods/Pods-frameworks.sh\"\n";
			showEnvVarsInLog = 0;
		};
/* End PBXShellScriptBuildPhase section */

/* Begin PBXSourcesBuildPhase section */
		630532B11AAE3F95006AD1B6 /* Sources */ = {
			isa = PBXSourcesBuildPhase;
			buildActionMask = 2147483647;
			files = (
				63AF18BB1AB4DE5F00543821 /* Player.swift in Sources */,
				630532BD1AAE3F95006AD1B6 /* RootFolderViewController.swift in Sources */,
				630532BB1AAE3F95006AD1B6 /* AppDelegate.swift in Sources */,
				63AF18B91AB4DC9F00543821 /* FolderViewController.swift in Sources */,
			);
			runOnlyForDeploymentPostprocessing = 0;
		};
/* End PBXSourcesBuildPhase section */

/* Begin PBXVariantGroup section */
		630532BE1AAE3F95006AD1B6 /* Main.storyboard */ = {
			isa = PBXVariantGroup;
			children = (
				630532BF1AAE3F95006AD1B6 /* Base */,
			);
			name = Main.storyboard;
			sourceTree = "<group>";
		};
		630532C31AAE3F95006AD1B6 /* LaunchScreen.xib */ = {
			isa = PBXVariantGroup;
			children = (
				630532C41AAE3F95006AD1B6 /* Base */,
			);
			name = LaunchScreen.xib;
			sourceTree = "<group>";
		};
/* End PBXVariantGroup section */

/* Begin XCBuildConfiguration section */
		630532D21AAE3F95006AD1B6 /* Debug */ = {
			isa = XCBuildConfiguration;
			buildSettings = {
				ALWAYS_SEARCH_USER_PATHS = NO;
				CLANG_CXX_LANGUAGE_STANDARD = "gnu++0x";
				CLANG_CXX_LIBRARY = "libc++";
				CLANG_ENABLE_MODULES = YES;
				CLANG_ENABLE_OBJC_ARC = YES;
				CLANG_WARN_BOOL_CONVERSION = YES;
				CLANG_WARN_CONSTANT_CONVERSION = YES;
				CLANG_WARN_DIRECT_OBJC_ISA_USAGE = YES_ERROR;
				CLANG_WARN_EMPTY_BODY = YES;
				CLANG_WARN_ENUM_CONVERSION = YES;
				CLANG_WARN_INT_CONVERSION = YES;
				CLANG_WARN_OBJC_ROOT_CLASS = YES_ERROR;
				CLANG_WARN_UNREACHABLE_CODE = YES;
				CLANG_WARN__DUPLICATE_METHOD_MATCH = YES;
				"CODE_SIGN_IDENTITY[sdk=iphoneos*]" = "iPhone Developer";
				COPY_PHASE_STRIP = NO;
				ENABLE_STRICT_OBJC_MSGSEND = YES;
				ENABLE_TESTABILITY = YES;
				GCC_C_LANGUAGE_STANDARD = gnu99;
				GCC_DYNAMIC_NO_PIC = NO;
				GCC_OPTIMIZATION_LEVEL = 0;
				GCC_PREPROCESSOR_DEFINITIONS = (
					"DEBUG=1",
					"$(inherited)",
				);
				GCC_SYMBOLS_PRIVATE_EXTERN = NO;
				GCC_WARN_64_TO_32_BIT_CONVERSION = YES;
				GCC_WARN_ABOUT_RETURN_TYPE = YES_ERROR;
				GCC_WARN_UNDECLARED_SELECTOR = YES;
				GCC_WARN_UNINITIALIZED_AUTOS = YES_AGGRESSIVE;
				GCC_WARN_UNUSED_FUNCTION = YES;
				GCC_WARN_UNUSED_VARIABLE = YES;
				IPHONEOS_DEPLOYMENT_TARGET = 8.1;
				MTL_ENABLE_DEBUG_INFO = YES;
				ONLY_ACTIVE_ARCH = YES;
				SDKROOT = iphoneos;
				SWIFT_OPTIMIZATION_LEVEL = "-Onone";
			};
			name = Debug;
		};
		630532D31AAE3F95006AD1B6 /* Release */ = {
			isa = XCBuildConfiguration;
			buildSettings = {
				ALWAYS_SEARCH_USER_PATHS = NO;
				CLANG_CXX_LANGUAGE_STANDARD = "gnu++0x";
				CLANG_CXX_LIBRARY = "libc++";
				CLANG_ENABLE_MODULES = YES;
				CLANG_ENABLE_OBJC_ARC = YES;
				CLANG_WARN_BOOL_CONVERSION = YES;
				CLANG_WARN_CONSTANT_CONVERSION = YES;
				CLANG_WARN_DIRECT_OBJC_ISA_USAGE = YES_ERROR;
				CLANG_WARN_EMPTY_BODY = YES;
				CLANG_WARN_ENUM_CONVERSION = YES;
				CLANG_WARN_INT_CONVERSION = YES;
				CLANG_WARN_OBJC_ROOT_CLASS = YES_ERROR;
				CLANG_WARN_UNREACHABLE_CODE = YES;
				CLANG_WARN__DUPLICATE_METHOD_MATCH = YES;
				"CODE_SIGN_IDENTITY[sdk=iphoneos*]" = "iPhone Developer";
				COPY_PHASE_STRIP = YES;
				ENABLE_NS_ASSERTIONS = NO;
				ENABLE_STRICT_OBJC_MSGSEND = YES;
				GCC_C_LANGUAGE_STANDARD = gnu99;
				GCC_WARN_64_TO_32_BIT_CONVERSION = YES;
				GCC_WARN_ABOUT_RETURN_TYPE = YES_ERROR;
				GCC_WARN_UNDECLARED_SELECTOR = YES;
				GCC_WARN_UNINITIALIZED_AUTOS = YES_AGGRESSIVE;
				GCC_WARN_UNUSED_FUNCTION = YES;
				GCC_WARN_UNUSED_VARIABLE = YES;
				IPHONEOS_DEPLOYMENT_TARGET = 8.1;
				MTL_ENABLE_DEBUG_INFO = NO;
				SDKROOT = iphoneos;
				VALIDATE_PRODUCT = YES;
			};
			name = Release;
		};
		630532D51AAE3F95006AD1B6 /* Debug */ = {
			isa = XCBuildConfiguration;
			baseConfigurationReference = 4E4EA75F93D4F497B2C8197D /* Pods.debug.xcconfig */;
			buildSettings = {
				ASSETCATALOG_COMPILER_APPICON_NAME = AppIcon;
				INFOPLIST_FILE = ControlPointDemo/Info.plist;
				LD_RUNPATH_SEARCH_PATHS = "$(inherited) @executable_path/Frameworks";
				PRODUCT_BUNDLE_IDENTIFIER = "$(PRODUCT_NAME:rfc1034identifier)";
				PRODUCT_NAME = "$(TARGET_NAME)";
			};
			name = Debug;
		};
		630532D61AAE3F95006AD1B6 /* Release */ = {
			isa = XCBuildConfiguration;
			baseConfigurationReference = BD6E01E1E8A471B36BA1E97B /* Pods.release.xcconfig */;
			buildSettings = {
				ASSETCATALOG_COMPILER_APPICON_NAME = AppIcon;
				INFOPLIST_FILE = ControlPointDemo/Info.plist;
				LD_RUNPATH_SEARCH_PATHS = "$(inherited) @executable_path/Frameworks";
				PRODUCT_BUNDLE_IDENTIFIER = "$(PRODUCT_NAME:rfc1034identifier)";
				PRODUCT_NAME = "$(TARGET_NAME)";
			};
			name = Release;
		};
/* End XCBuildConfiguration section */

/* Begin XCConfigurationList section */
		630532B01AAE3F95006AD1B6 /* Build configuration list for PBXProject "ControlPointDemo" */ = {
			isa = XCConfigurationList;
			buildConfigurations = (
				630532D21AAE3F95006AD1B6 /* Debug */,
				630532D31AAE3F95006AD1B6 /* Release */,
			);
			defaultConfigurationIsVisible = 0;
			defaultConfigurationName = Release;
		};
		630532D41AAE3F95006AD1B6 /* Build configuration list for PBXNativeTarget "ControlPointDemo" */ = {
			isa = XCConfigurationList;
			buildConfigurations = (
				630532D51AAE3F95006AD1B6 /* Debug */,
				630532D61AAE3F95006AD1B6 /* Release */,
			);
			defaultConfigurationIsVisible = 0;
			defaultConfigurationName = Release;
		};
/* End XCConfigurationList section */
	};
	rootObject = 630532AD1AAE3F95006AD1B6 /* Project object */;
}
