PODS:
  - AFNetworking (2.5.3):
    - AFNetworking/NSURLConnection (= 2.5.3)
    - AFNetworking/NSURLSession (= 2.5.3)
    - AFNetworking/Reachability (= 2.5.3)
    - AFNetworking/Security (= 2.5.3)
    - AFNetworking/Serialization (= 2.5.3)
    - AFNetworking/UIKit (= 2.5.3)
  - AFNetworking/NSURLConnection (2.5.3):
    - AFNetworking/Reachability
    - AFNetworking/Security
    - AFNetworking/Serialization
  - AFNetworking/NSURLSession (2.5.3):
    - AFNetworking/Reachability
    - AFNetworking/Security
    - AFNetworking/Serialization
  - AFNetworking/Reachability (2.5.3)
  - AFNetworking/Security (2.5.3)
  - AFNetworking/Serialization (2.5.3)
  - AFNetworking/UIKit (2.5.3):
    - AFNetworking/NSURLConnection
    - AFNetworking/NSURLSession
  - CocoaAsyncSocket (7.4.1)
  - GCDWebServer (3.2.3):
    - GCDWebServer/Core (= 3.2.3)
  - GCDWebServer/Core (3.2.3)
  - Ono (1.2.1)
  - UPnAtom (0.6.0):
    - AFNetworking (~> 2.5.2)
    - CocoaAsyncSocket (~> 7.4.1)
    - GCDWebServer (~> 3.2.2)
    - Ono (~> 1.2.0)

DEPENDENCIES:
  - UPnAtom (from `../..`)

EXTERNAL SOURCES:
  UPnAtom:
    :path: "../.."

SPEC CHECKSUMS:
  AFNetworking: e1d86c2a96bb5d2e7408da36149806706ee122fe
  CocoaAsyncSocket: 7cbf214b27f8e7f7574db6a3fd96352ffaed433d
  GCDWebServer: 0f68bdc06d035f285f2d1ef0ac35ed46be040a71
  Ono: 1122212de602280cc7af19d7ab12ee98a3fc0339
  UPnAtom: 603c0cc3ec19002679a865b528294e99af6abac0

COCOAPODS: 0.36.4
