PODS:
  - AFNetworking (2.5.4):
    - AFNetworking/NSURLConnection (= 2.5.4)
    - AFNetworking/NSURLSession (= 2.5.4)
    - AFNetworking/Reachability (= 2.5.4)
    - AFNetworking/Security (= 2.5.4)
    - AFNetworking/Serialization (= 2.5.4)
    - AFNetworking/UIKit (= 2.5.4)
  - AFNetworking/NSURLConnection (2.5.4):
    - AFNetworking/Reachability
    - AFNetworking/Security
    - AFNetworking/Serialization
  - AFNetworking/NSURLSession (2.5.4):
    - AFNetworking/Reachability
    - AFNetworking/Security
    - AFNetworking/Serialization
  - AFNetworking/Reachability (2.5.4)
  - AFNetworking/Security (2.5.4)
  - AFNetworking/Serialization (2.5.4)
  - CocoaAsyncSocket (7.4.2)
  - GCDWebServer (3.2.7):
    - GCDWebServer/Core (= 3.2.7)
  - GCDWebServer/Core (3.2.7)
  - Ono (1.2.2)
  - UPnAtom (0.7.0):
    - AFNetworking (~> 2.5.2)
    - CocoaAsyncSocket (~> 7.4.1)
    - GCDWebServer (~> 3.2.2)
    - Ono (~> 1.2.0)

DEPENDENCIES:
  - UPnAtom (from `../..`)

EXTERNAL SOURCES:
  UPnAtom:
    :path: "../.."

SPEC CHECKSUMS:
  AFNetworking: 05edc0ac4c4c8cf57bcf4b84be5b0744b6d8e71e
  CocoaAsyncSocket: f5783bdedd232d91b89769bc4b5a1580aed518ad
  GCDWebServer: 76a9540371d5f12f850b32ec7f555dd2d266e543
  Ono: 80b1c686777d3f6d5d5ce6fcac8a74afef4ca197
  UPnAtom: beed0614246c73b7ad71dc665cfdd110cc8e0b97

PODFILE CHECKSUM: 0c01f4122f5037d4cf76b9400cce28aeada874ce

COCOAPODS: 1.0.1
